{
    "_readme": [
        "This file locks the dependencies of your project to a known state",
        "Read more about it at https://getcomposer.org/doc/01-basic-usage.md#installing-dependencies",
        "This file is @generated automatically"
    ],
    "content-hash": "e65386c7241986a5a852a4324d1708e8",
    "packages": [
        {
            "name": "adodb/adodb-php",
            "version": "v5.21.0",
            "source": {
                "type": "git",
                "url": "https://github.com/ADOdb/ADOdb.git",
                "reference": "199391f639a0b3346a80d66c00c87230fa3e6a07"
            },
            "dist": {
                "type": "zip",
                "url": "https://api.github.com/repos/ADOdb/ADOdb/zipball/199391f639a0b3346a80d66c00c87230fa3e6a07",
                "reference": "199391f639a0b3346a80d66c00c87230fa3e6a07",
                "shasum": ""
            },
            "require": {
                "php": "^5.5.9 || ^7.0 || ^8.0"
            },
            "type": "library",
            "autoload": {
                "files": [
                    "adodb.inc.php"
                ]
            },
            "notification-url": "https://packagist.org/downloads/",
            "license": [
                "BSD-3-Clause",
                "LGPL-2.1-or-later"
            ],
            "authors": [
                {
                    "name": "John Lim",
                    "email": "jlim@natsoft.com",
                    "role": "Author"
                },
                {
                    "name": "Damien Regad",
                    "role": "Current maintainer"
                },
                {
                    "name": "Mark Newnham",
                    "role": "Developer"
                }
            ],
            "description": "ADOdb is a PHP database abstraction layer library",
            "homepage": "https://adodb.org/",
            "keywords": [
                "abstraction",
                "database",
                "layer",
                "library",
                "php"
            ],
            "time": "2021-02-27T11:38:53+00:00"
        }
    ],
    "packages-dev": [],
    "aliases": [],
    "minimum-stability": "stable",
    "stability-flags": [],
    "prefer-stable": false,
    "prefer-lowest": false,
    "platform": [],
    "platform-dev": [],
    "plugin-api-version": "1.1.0"
}
